
Microsoft Visual Studio Solution File, Format Version 11.00
# Visual Studio 2010
Project("{FAE04EC0-301F-11D3-BF4B-00C04F79EFBC}") = "my ord", "Assembly-CSharp.csproj", "{2CB9DC7A-D3A4-5588-0C26-FB5DF1F24A23}"
EndProject
Global
	GlobalSection(SolutionConfigurationPlatforms) = preSolution
		Debug|Any CPU = Debug|Any CPU
		Release|Any CPU = Release|Any CPU
	EndGlobalSection
	GlobalSection(ProjectConfigurationPlatforms) = postSolution
		{2CB9DC7A-D3A4-5588-0C26-FB5DF1F24A23}.Debug|Any CPU.ActiveCfg = Debug|Any CPU
		{2CB9DC7A-D3A4-5588-0C26-FB5DF1F24A23}.Debug|Any CPU.Build.0 = Debug|Any CPU
		{2CB9DC7A-D3A4-5588-0C26-FB5DF1F24A23}.Release|Any CPU.ActiveCfg = Release|Any CPU
		{2CB9DC7A-D3A4-5588-0C26-FB5DF1F24A23}.Release|Any CPU.Build.0 = Release|Any CPU
	EndGlobalSection
	GlobalSection(SolutionProperties) = preSolution
		HideSolutionNode = FALSE
	EndGlobalSection
	GlobalSection(MonoDevelopProperties) = preSolution
		StartupItem = Assembly-CSharp.csproj
	EndGlobalSection
EndGlobal
